
Microsoft Visual Studio Solution File, Format Version 12.00
# Visual Studio Version 17
VisualStudioVersion = 17.5.33530.505
MinimumVisualStudioVersion = 10.0.40219.1
Project("{888888A0-9F3D-457C-B088-3A5042F75D52}") = "BiometryYandexContestWithPower", "BiometryYandexContestWithPower.pyproj", "{6CF86173-7D06-4AB1-97B6-444086EC63A4}"
EndProject
Global
	GlobalSection(SolutionConfigurationPlatforms) = preSolution
		Debug|Any CPU = Debug|Any CPU
		Release|Any CPU = Release|Any CPU
	EndGlobalSection
	GlobalSection(ProjectConfigurationPlatforms) = postSolution
		{6CF86173-7D06-4AB1-97B6-444086EC63A4}.Debug|Any CPU.ActiveCfg = Debug|Any CPU
		{6CF86173-7D06-4AB1-97B6-444086EC63A4}.Release|Any CPU.ActiveCfg = Release|Any CPU
	EndGlobalSection
	GlobalSection(SolutionProperties) = preSolution
		HideSolutionNode = FALSE
	EndGlobalSection
	GlobalSection(ExtensibilityGlobals) = postSolution
		SolutionGuid = {9F0FBEE7-3870-4366-AAEC-CF357FDDB245}
	EndGlobalSection
EndGlobal
